version = 1
revision = 3
requires-python = ">=3.11"

[[package]]
name = "aiosmtplib"
version = "3.0.1"
source = { registry = "https://pypi.org/simple" }
sdist = { url = "https://files.pythonhosted.org/packages/4f/b4/f91e0715e81bfa56e17850357b7d603861ebb1fdd92481d68c8fedf6bf5a/aiosmtplib-3.0.1.tar.gz", hash = "sha256:43580604b152152a221598be3037f0ae6359c2817187ac4433bd857bc3fc6513", size = 57715, upload-time = "2023-11-02T18:50:29.848Z" }
wheels = [
    { url = "https://files.pythonhosted.org/packages/3b/2a/31fbf4dcfb7ad018e9148b94d5280f2fdb3b6657e9db562a58da7ef31a9f/aiosmtplib-3.0.1-py3-none-any.whl", hash = "sha256:abcceae7e820577307b4cda2041b2c25e5121469c0e186764ddf8e15b12064cd", size = 27059, upload-time = "2023-11-02T18:50:28.264Z" },
]

[[package]]
name = "annotated-types"
version = "0.7.0"
source = { registry = "https://pypi.org/simple" }
sdist = { url = "https://files.pythonhosted.org/packages/ee/67/531ea369ba64dcff5ec9c3402f9f51bf748cec26dde048a2f973a4eea7f5/annotated_types-0.7.0.tar.gz", hash = "sha256:aff07c09a53a08bc8cfccb9c85b05f1aa9a2a6f23728d790723543408344ce89", size = 16081, upload-time = "2024-05-20T21:33:25.928Z" }
wheels = [
    { url = "https://files.pythonhosted.org/packages/78/b6/6307fbef88d9b5ee7421e68d78a9f162e0da4900bc5f5793f6d3d0e34fb8/annotated_types-0.7.0-py3-none-any.whl", hash = "sha256:1f02e8b43a8fbbc3f3e0d4f0f4bfc8131bcb4eebe8849b8e5c773f3a1c582a53", size = 13643, upload-time = "2024-05-20T21:33:24.1Z" },
]

[[package]]
name = "anyio"
version = "3.7.1"
source = { registry = "https://pypi.org/simple" }
dependencies = [
    { name = "idna" },
    { name = "sniffio" },
]
sdist = { url = "https://files.pythonhosted.org/packages/28/99/2dfd53fd55ce9838e6ff2d4dac20ce58263798bd1a0dbe18b3a9af3fcfce/anyio-3.7.1.tar.gz", hash = "sha256:44a3c9aba0f5defa43261a8b3efb97891f2bd7d804e0e1f56419befa1adfc780", size = 142927, upload-time = "2023-07-05T16:45:02.294Z" }
wheels = [
    { url = "https://files.pythonhosted.org/packages/19/24/44299477fe7dcc9cb58d0a57d5a7588d6af2ff403fdd2d47a246c91a3246/anyio-3.7.1-py3-none-any.whl", hash = "sha256:91dee416e570e92c64041bd18b900d1d6fa78dff7048769ce5ac5ddad004fbb5", size = 80896, upload-time = "2023-07-05T16:44:59.805Z" },
]

[[package]]
name = "apscheduler"
version = "3.10.4"
source = { registry = "https://pypi.org/simple" }
dependencies = [
    { name = "pytz" },
    { name = "six" },
    { name = "tzlocal" },
]
sdist = { url = "https://files.pythonhosted.org/packages/5e/34/5dcb368cf89f93132d9a31bd3747962a9dc874480e54333b0c09fa7d56ac/APScheduler-3.10.4.tar.gz", hash = "sha256:e6df071b27d9be898e486bc7940a7be50b4af2e9da7c08f0744a96d4bd4cef4a", size = 100832, upload-time = "2023-08-19T16:44:58.293Z" }
wheels = [
    { url = "https://files.pythonhosted.org/packages/13/b5/7af0cb920a476dccd612fbc9a21a3745fb29b1fcd74636078db8f7ba294c/APScheduler-3.10.4-py3-none-any.whl", hash = "sha256:fb91e8a768632a4756a585f79ec834e0e27aad5860bac7eaa523d9ccefd87661", size = 59303, upload-time = "2023-08-19T16:44:56.814Z" },
]

[[package]]
name = "certifi"
version = "2025.11.12"
source = { registry = "https://pypi.org/simple" }
sdist = { url = "https://files.pythonhosted.org/packages/a2/8c/58f469717fa48465e4a50c014a0400602d3c437d7c0c468e17ada824da3a/certifi-2025.11.12.tar.gz", hash = "sha256:d8ab5478f2ecd78af242878415affce761ca6bc54a22a27e026d7c25357c3316", size = 160538, upload-time = "2025-11-12T02:54:51.517Z" }
wheels = [
    { url = "https://files.pythonhosted.org/packages/70/7d/9bc192684cea499815ff478dfcdc13835ddf401365057044fb721ec6bddb/certifi-2025.11.12-py3-none-any.whl", hash = "sha256:97de8790030bbd5c2d96b7ec782fc2f7820ef8dba6db909ccf95449f2d062d4b", size = 159438, upload-time = "2025-11-12T02:54:49.735Z" },
]

[[package]]
name = "click"
version = "8.3.1"
source = { registry = "https://pypi.org/simple" }
dependencies = [
    { name = "colorama", marker = "sys_platform == 'win32'" },
]
sdist = { url = "https://files.pythonhosted.org/packages/3d/fa/656b739db8587d7b5dfa22e22ed02566950fbfbcdc20311993483657a5c0/click-8.3.1.tar.gz", hash = "sha256:12ff4785d337a1bb490bb7e9c2b1ee5da3112e94a8622f26a6c77f5d2fc6842a", size = 295065, upload-time = "2025-11-15T20:45:42.706Z" }
wheels = [
    { url = "https://files.pythonhosted.org/packages/98/78/01c019cdb5d6498122777c1a43056ebb3ebfeef2076d9d026bfe15583b2b/click-8.3.1-py3-none-any.whl", hash = "sha256:981153a64e25f12d547d3426c367a4857371575ee7ad18df2a6183ab0545b2a6", size = 108274, upload-time = "2025-11-15T20:45:41.139Z" },
]

[[package]]
name = "colorama"
version = "0.4.6"
source = { registry = "https://pypi.org/simple" }
sdist = { url = "https://files.pythonhosted.org/packages/d8/53/6f443c9a4a8358a93a6792e2acffb9d9d5cb0a5cfd8802644b7b1c9a02e4/colorama-0.4.6.tar.gz", hash = "sha256:08695f5cb7ed6e0531a20572697297273c47b8cae5a63ffc6d6ed5c201be6e44", size = 27697, upload-time = "2022-10-25T02:36:22.414Z" }
wheels = [
    { url = "https://files.pythonhosted.org/packages/d1/d6/3965ed04c63042e047cb6a3e6ed1a63a35087b6a609aa3a15ed8ac56c221/colorama-0.4.6-py2.py3-none-any.whl", hash = "sha256:4f1d9991f5acc0ca119f9d443620b77f9d6b33703e51011c16baf57afb285fc6", size = 25335, upload-time = "2022-10-25T02:36:20.889Z" },
]

[[package]]
name = "dnspython"
version = "2.8.0"
source = { registry = "https://pypi.org/simple" }
sdist = { url = "https://files.pythonhosted.org/packages/8c/8b/57666417c0f90f08bcafa776861060426765fdb422eb10212086fb811d26/dnspython-2.8.0.tar.gz", hash = "sha256:181d3c6996452cb1189c4046c61599b84a5a86e099562ffde77d26984ff26d0f", size = 368251, upload-time = "2025-09-07T18:58:00.022Z" }
wheels = [
    { url = "https://files.pythonhosted.org/packages/ba/5a/18ad964b0086c6e62e2e7500f7edc89e3faa45033c71c1893d34eed2b2de/dnspython-2.8.0-py3-none-any.whl", hash = "sha256:01d9bbc4a2d76bf0db7c1f729812ded6d912bd318d3b1cf81d30c0f845dbf3af", size = 331094, upload-time = "2025-09-07T18:57:58.071Z" },
]

[[package]]
name = "email-validator"
version = "2.1.0"
source = { registry = "https://pypi.org/simple" }
dependencies = [
    { name = "dnspython" },
    { name = "idna" },
]
sdist = { url = "https://files.pythonhosted.org/packages/6f/ac/efd8522932ad90869ab14a0f0bb3b86d812d2d56452440730e771844dddb/email_validator-2.1.0.tar.gz", hash = "sha256:5f511cca8856bb03251d6292ba59e7f98978aae13fa5823ddd8bf885c56a6260", size = 46254, upload-time = "2023-10-22T11:33:04.669Z" }
wheels = [
    { url = "https://files.pythonhosted.org/packages/90/41/4767ff64e422734487a06384a66e62615b1f5cf9cf3b23295e22d3ecf711/email_validator-2.1.0-py3-none-any.whl", hash = "sha256:4496ecc949b51e42d1c9e6159d57cd04ef017af57d2e366ed7fd998f1bf8af69", size = 32231, upload-time = "2023-10-22T11:33:03.292Z" },
]

[[package]]
name = "fastapi"
version = "0.104.1"
source = { registry = "https://pypi.org/simple" }
dependencies = [
    { name = "anyio" },
    { name = "pydantic" },
    { name = "starlette" },
    { name = "typing-extensions" },
]
sdist = { url = "https://files.pythonhosted.org/packages/d9/d8/002e0ba7cf848a981b3ee92aaf5aa396c5700b0d7dec5d060031432a87d8/fastapi-0.104.1.tar.gz", hash = "sha256:e5e4540a7c5e1dcfbbcf5b903c234feddcdcd881f191977a1c5dfd917487e7ae", size = 11295150, upload-time = "2023-10-30T10:07:39.105Z" }
wheels = [
    { url = "https://files.pythonhosted.org/packages/f3/4f/0ce34195b63240b6693086496c9bab4ef23999112184399a3e88854c7674/fastapi-0.104.1-py3-none-any.whl", hash = "sha256:752dc31160cdbd0436bb93bad51560b57e525cbb1d4bbf6f4904ceee75548241", size = 92862, upload-time = "2023-10-30T10:07:35.636Z" },
]

[[package]]
name = "h11"
version = "0.16.0"
source = { registry = "https://pypi.org/simple" }
sdist = { url = "https://files.pythonhosted.org/packages/01/ee/02a2c011bdab74c6fb3c75474d40b3052059d95df7e73351460c8588d963/h11-0.16.0.tar.gz", hash = "sha256:4e35b956cf45792e4caa5885e69fba00bdbc6ffafbfa020300e549b208ee5ff1", size = 101250, upload-time = "2025-04-24T03:35:25.427Z" }
wheels = [
    { url = "https://files.pythonhosted.org/packages/04/4b/29cac41a4d98d144bf5f6d33995617b185d14b22401f75ca86f384e87ff1/h11-0.16.0-py3-none-any.whl", hash = "sha256:63cf8bbe7522de3bf65932fda1d9c2772064ffb3dae62d55932da54b31cb6c86", size = 37515, upload-time = "2025-04-24T03:35:24.344Z" },
]

[[package]]
name = "httpcore"
version = "1.0.9"
source = { registry = "https://pypi.org/simple" }
dependencies = [
    { name = "certifi" },
    { name = "h11" },
]
sdist = { url = "https://files.pythonhosted.org/packages/06/94/82699a10bca87a5556c9c59b5963f2d039dbd239f25bc2a63907a05a14cb/httpcore-1.0.9.tar.gz", hash = "sha256:6e34463af53fd2ab5d807f399a9b45ea31c3dfa2276f15a2c3f00afff6e176e8", size = 85484, upload-time = "2025-04-24T22:06:22.219Z" }
wheels = [
    { url = "https://files.pythonhosted.org/packages/7e/f5/f66802a942d491edb555dd61e3a9961140fd64c90bce1eafd741609d334d/httpcore-1.0.9-py3-none-any.whl", hash = "sha256:2d400746a40668fc9dec9810239072b40b4484b640a8c38fd654a024c7a1bf55", size = 78784, upload-time = "2025-04-24T22:06:20.566Z" },
]

[[package]]
name = "httpx"
version = "0.25.2"
source = { registry = "https://pypi.org/simple" }
dependencies = [
    { name = "anyio" },
    { name = "certifi" },
    { name = "httpcore" },
    { name = "idna" },
    { name = "sniffio" },
]
sdist = { url = "https://files.pythonhosted.org/packages/8c/23/911d93a022979d3ea295f659fbe7edb07b3f4561a477e83b3a6d0e0c914e/httpx-0.25.2.tar.gz", hash = "sha256:8b8fcaa0c8ea7b05edd69a094e63a2094c4efcb48129fb757361bc423c0ad9e8", size = 123889, upload-time = "2023-11-24T12:36:33.988Z" }
wheels = [
    { url = "https://files.pythonhosted.org/packages/a2/65/6940eeb21dcb2953778a6895281c179efd9100463ff08cb6232bb6480da7/httpx-0.25.2-py3-none-any.whl", hash = "sha256:a05d3d052d9b2dfce0e3896636467f8a5342fb2b902c819428e1ac65413ca118", size = 74980, upload-time = "2023-11-24T12:36:31.403Z" },
]

[[package]]
name = "idna"
version = "3.11"
source = { registry = "https://pypi.org/simple" }
sdist = { url = "https://files.pythonhosted.org/packages/6f/6d/0703ccc57f3a7233505399edb88de3cbd678da106337b9fcde432b65ed60/idna-3.11.tar.gz", hash = "sha256:795dafcc9c04ed0c1fb032c2aa73654d8e8c5023a7df64a53f39190ada629902", size = 194582, upload-time = "2025-10-12T14:55:20.501Z" }
wheels = [
    { url = "https://files.pythonhosted.org/packages/0e/61/66938bbb5fc52dbdf84594873d5b51fb1f7c7794e9c0f5bd885f30bc507b/idna-3.11-py3-none-any.whl", hash = "sha256:771a87f49d9defaf64091e6e6fe9c18d4833f140bd19464795bc32d966ca37ea", size = 71008, upload-time = "2025-10-12T14:55:18.883Z" },
]

[[package]]
name = "iniconfig"
version = "2.3.0"
source = { registry = "https://pypi.org/simple" }
sdist = { url = "https://files.pythonhosted.org/packages/72/34/14ca021ce8e5dfedc35312d08ba8bf51fdd999c576889fc2c24cb97f4f10/iniconfig-2.3.0.tar.gz", hash = "sha256:c76315c77db068650d49c5b56314774a7804df16fee4402c1f19d6d15d8c4730", size = 20503, upload-time = "2025-10-18T21:55:43.219Z" }
wheels = [
    { url = "https://files.pythonhosted.org/packages/cb/b1/3846dd7f199d53cb17f49cba7e651e9ce294d8497c8c150530ed11865bb8/iniconfig-2.3.0-py3-none-any.whl", hash = "sha256:f631c04d2c48c52b84d0d0549c99ff3859c98df65b3101406327ecc7d53fbf12", size = 7484, upload-time = "2025-10-18T21:55:41.639Z" },
]

[[package]]
name = "meal-plan-scheduler"
version = "0.1.0"
source = { editable = "." }
dependencies = [
    { name = "aiosmtplib" },
    { name = "apscheduler" },
    { name = "email-validator" },
    { name = "fastapi" },
    { name = "pydantic" },
    { name = "pydantic-settings" },
    { name = "python-dotenv" },
    { name = "uvicorn" },
]

[package.optional-dependencies]
dev = [
    { name = "httpx" },
    { name = "pytest" },
    { name = "pytest-asyncio" },
    { name = "ruff" },
]

[package.metadata]
requires-dist = [
    { name = "aiosmtplib", specifier = "==3.0.1" },
    { name = "apscheduler", specifier = "==3.10.4" },
    { name = "email-validator", specifier = "==2.1.0" },
    { name = "fastapi", specifier = "==0.104.1" },
    { name = "httpx", marker = "extra == 'dev'", specifier = "==0.25.2" },
    { name = "pydantic", specifier = "==2.5.0" },
    { name = "pydantic-settings", specifier = "==2.1.0" },
    { name = "pytest", marker = "extra == 'dev'", specifier = "==7.4.3" },
    { name = "pytest-asyncio", marker = "extra == 'dev'", specifier = "==0.21.1" },
    { name = "python-dotenv", specifier = "==1.0.0" },
    { name = "ruff", marker = "extra == 'dev'", specifier = "==0.1.8" },
    { name = "uvicorn", specifier = "==0.24.0" },
]
provides-extras = ["dev"]

[[package]]
name = "packaging"
version = "25.0"
source = { registry = "https://pypi.org/simple" }
sdist = { url = "https://files.pythonhosted.org/packages/a1/d4/1fc4078c65507b51b96ca8f8c3ba19e6a61c8253c72794544580a7b6c24d/packaging-25.0.tar.gz", hash = "sha256:d443872c98d677bf60f6a1f2f8c1cb748e8fe762d2bf9d3148b5599295b0fc4f", size = 165727, upload-time = "2025-04-19T11:48:59.673Z" }
wheels = [
    { url = "https://files.pythonhosted.org/packages/20/12/38679034af332785aac8774540895e234f4d07f7545804097de4b666afd8/packaging-25.0-py3-none-any.whl", hash = "sha256:29572ef2b1f17581046b3a2227d5c611fb25ec70ca1ba8554b24b0e69331a484", size = 66469, upload-time = "2025-04-19T11:48:57.875Z" },
]

[[package]]
name = "pluggy"
version = "1.6.0"
source = { registry = "https://pypi.org/simple" }
sdist = { url = "https://files.pythonhosted.org/packages/f9/e2/3e91f31a7d2b083fe6ef3fa267035b518369d9511ffab804f839851d2779/pluggy-1.6.0.tar.gz", hash = "sha256:7dcc130b76258d33b90f61b658791dede3486c3e6bfb003ee5c9bfb396dd22f3", size = 69412, upload-time = "2025-05-15T12:30:07.975Z" }
wheels = [
    { url = "https://files.pythonhosted.org/packages/54/20/4d324d65cc6d9205fabedc306948156824eb9f0ee1633355a8f7ec5c66bf/pluggy-1.6.0-py3-none-any.whl", hash = "sha256:e920276dd6813095e9377c0bc5566d94c932c33b27a3e3945d8389c374dd4746", size = 20538, upload-time = "2025-05-15T12:30:06.134Z" },
]

[[package]]
name = "pydantic"
version = "2.5.0"
source = { registry = "https://pypi.org/simple" }
dependencies = [
    { name = "annotated-types" },
    { name = "pydantic-core" },
    { name = "typing-extensions" },
]
sdist = { url = "https://files.pythonhosted.org/packages/44/07/39d2b5c652a2cfdda6dd4d33a2eae345782f3d5c6e2f7a92c92d5da52b33/pydantic-2.5.0.tar.gz", hash = "sha256:69bd6fb62d2d04b7055f59a396993486a2ee586c43a0b89231ce0000de07627c", size = 677119, upload-time = "2023-11-13T17:17:49.17Z" }
wheels = [
    { url = "https://files.pythonhosted.org/packages/d7/10/ddfb9539a6e55f7dfd6c2b9b81d86fcba2761ba87eeb81f8b1012957dcdc/pydantic-2.5.0-py3-none-any.whl", hash = "sha256:7ce6e766c456ad026fe5712f7bcf036efc34bd5d107b3e669ef7ea01b3a9050c", size = 407491, upload-time = "2023-11-13T17:17:45.239Z" },
]

[[package]]
name = "pydantic-core"
version = "2.14.1"
source = { registry = "https://pypi.org/simple" }
dependencies = [
    { name = "typing-extensions" },
]
sdist = { url = "https://files.pythonhosted.org/packages/a8/f2/0be79498e0f645fff8cd58c0013f4d03e17a54047e703efb30a200a4a9b2/pydantic_core-2.14.1.tar.gz", hash = "sha256:0d82a6ee815388a362885186e431fac84c7a06623bc136f508e9f88261d8cadb", size = 359077, upload-time = "2023-11-09T13:24:55.704Z" }
wheels = [
    { url = "https://files.pythonhosted.org/packages/62/c4/a71176e4ef6fadc364b63cb80116cc8c3dc202269b0c3dbbd246c6e827d8/pydantic_core-2.14.1-cp311-cp311-macosx_10_7_x86_64.whl", hash = "sha256:2be018a84995b6be1bbd40d6064395dbf71592a981169cf154c0885637f5f54a", size = 1863722, upload-time = "2023-11-09T13:21:00.691Z" },
    { url = "https://files.pythonhosted.org/packages/a1/83/716b8dd7529d9c8487b103068bbe12313a2eda7ff609077d006e82a286b8/pydantic_core-2.14.1-cp311-cp311-macosx_11_0_arm64.whl", hash = "sha256:fc3227408808ba7df8e95eb1d8389f4ba2203bed8240b308de1d7ae66d828f24", size = 1739514, upload-time = "2023-11-09T13:21:02.704Z" },
    { url = "https://files.pythonhosted.org/packages/05/3d/dd526b5b28e454c605ad4f39db4fad29c8a7e639cf1556e7383aa884bf53/pydantic_core-2.14.1-cp311-cp311-manylinux_2_17_aarch64.manylinux2014_aarch64.whl", hash = "sha256:42d5d0e9bbb50481a049bd0203224b339d4db04006b78564df2b782e2fd16ebc", size = 1830155, upload-time = "2023-11-09T13:21:04.857Z" },
    { url = "https://files.pythonhosted.org/packages/95/d8/b165ff9787dd2f4d8c25e92e90f6e7cc974c97e0d315ba074424c18315c1/pydantic_core-2.14.1-cp311-cp311-manylinux_2_17_armv7l.manylinux2014_armv7l.whl", hash = "sha256:bc6a4ea9f88a810cb65ccae14404da846e2a02dd5c0ad21dee712ff69d142638", size = 1851645, upload-time = "2023-11-09T13:21:07.373Z" },
    { url = "https://files.pythonhosted.org/packages/25/62/961244e1590b76ea0125c7465adc4bc22b52dbe52d11e91ece46767a9c9f/pydantic_core-2.14.1-cp311-cp311-manylinux_2_17_ppc64le.manylinux2014_ppc64le.whl", hash = "sha256:d312ad20e3c6d179cb97c42232b53111bcd8dcdd5c1136083db9d6bdd489bc73", size = 2006052, upload-time = "2023-11-09T13:21:09.527Z" },
    { url = "https://files.pythonhosted.org/packages/60/e9/2584062aaf1d94d47a958305e02b10d8a8dc65700d1afb8dc91971661a14/pydantic_core-2.14.1-cp311-cp311-manylinux_2_17_s390x.manylinux2014_s390x.whl", hash = "sha256:679cc4e184f213c8227862e57340d12fd4d4d19dc0e3ddb0f653f86f01e90f94", size = 2938897, upload-time = "2023-11-09T13:21:11.634Z" },
    { url = "https://files.pythonhosted.org/packages/9e/bb/574fe50b6834be052db6988cbeae88420b536177d65a77da270d4fdea2bf/pydantic_core-2.14.1-cp311-cp311-manylinux_2_17_x86_64.manylinux2014_x86_64.whl", hash = "sha256:101df420e954966868b8bc992aefed5fa71dd1f2755104da62ee247abab28e2f", size = 2050704, upload-time = "2023-11-09T13:21:14.053Z" },
    { url = "https://files.pythonhosted.org/packages/fa/de/33757f90dd615a14223b8c26b451b4f6ecd1ff4325be54b942a448a6189c/pydantic_core-2.14.1-cp311-cp311-manylinux_2_5_i686.manylinux1_i686.whl", hash = "sha256:c964c0cc443d6c08a2347c0e5c1fc2d85a272dc66c1a6f3cde4fc4843882ada4", size = 1920289, upload-time = "2023-11-09T13:21:16.273Z" },
    { url = "https://files.pythonhosted.org/packages/bf/d6/31e6af2c5d4e30282e73bcfc6215cce632d42ac54de7169910f758e9f833/pydantic_core-2.14.1-cp311-cp311-musllinux_1_1_aarch64.whl", hash = "sha256:8276bbab68a9dbe721da92d19cbc061f76655248fe24fb63969d0c3e0e5755e7", size = 2001567, upload-time = "2023-11-09T13:21:18.496Z" },
    { url = "https://files.pythonhosted.org/packages/83/7a/b3fcfc08b5e0b5d77ba4a6489f23c1c17b03b0ed53c5767c43da30d39111/pydantic_core-2.14.1-cp311-cp311-musllinux_1_1_x86_64.whl", hash = "sha256:12163197fec7c95751a3c71b36dcc1909eed9959f011ffc79cc8170a6a74c826", size = 2134098, upload-time = "2023-11-09T13:21:20.89Z" },
    { url = "https://files.pythonhosted.org/packages/7f/17/8cc269838879844681db0d9e92fcea992158c6f4a880ae1c5f6ea601a3f0/pydantic_core-2.14.1-cp311-none-win32.whl", hash = "sha256:b8ff0302518dcd001bd722bbe342919c29e5066c7eda86828fe08cdc112668b8", size = 1727681, upload-time = "2023-11-09T13:21:22.929Z" },
    { url = "https://files.pythonhosted.org/packages/15/8e/68d3a522ac31e782e3ae95ddc7b4ec4bea0f5c552a98f85abdee6696a607/pydantic_core-2.14.1-cp311-none-win_amd64.whl", hash = "sha256:59fa83873223f856d898452c6162a390af4297756f6ba38493a67533387d85d9", size = 1890264, upload-time = "2023-11-09T13:21:24.903Z" },
    { url = "https://files.pythonhosted.org/packages/e5/3c/39d379089d9cd85b506c4a18f5c68be7efccc9dfaea8edea864f66dd3fe7/pydantic_core-2.14.1-cp311-none-win_arm64.whl", hash = "sha256:798590d38c9381f07c48d13af1f1ef337cebf76ee452fcec5deb04aceced51c7", size = 1850567, upload-time = "2023-11-09T13:21:27.318Z" },
    { url = "https://files.pythonhosted.org/packages/38/e5/f432d1bf9c10a0fe7bf8819ada23c68ccbf1c40ad358dac3abc126d87476/pydantic_core-2.14.1-cp312-cp312-macosx_10_7_x86_64.whl", hash = "sha256:587d75aec9ae50d0d63788cec38bf13c5128b3fc1411aa4b9398ebac884ab179", size = 1856037, upload-time = "2023-11-09T13:21:29.719Z" },
    { url = "https://files.pythonhosted.org/packages/e6/bf/13b52f568786732e807ebabe51739a4d9a2bcce5cb8f182a69b8ef987bc5/pydantic_core-2.14.1-cp312-cp312-macosx_11_0_arm64.whl", hash = "sha256:26242e3593d4929123615bd9365dd86ef79b7b0592d64a96cd11fd83c69c9f34", size = 1710416, upload-time = "2023-11-09T13:21:31.625Z" },
    { url = "https://files.pythonhosted.org/packages/6e/0d/a55c0c257aa605a4cd4376e80665a08f02fb41612d416e654da279b18bc6/pydantic_core-2.14.1-cp312-cp312-manylinux_2_17_aarch64.manylinux2014_aarch64.whl", hash = "sha256:5879ac4791508d8f0eb7dec71ff8521855180688dac0c55f8c99fc4d1a939845", size = 1824883, upload-time = "2023-11-09T13:21:33.405Z" },
    { url = "https://files.pythonhosted.org/packages/4c/59/8903e4324298f6c5a28d8934e6193ea0d4ed687dfc5aa1453ff0f95faf0b/pydantic_core-2.14.1-cp312-cp312-manylinux_2_17_armv7l.manylinux2014_armv7l.whl", hash = "sha256:ad9ea86f5fc50f1b62c31184767fe0cacaa13b54fe57d38898c3776d30602411", size = 1835090, upload-time = "2023-11-09T13:21:35.745Z" },
    { url = "https://files.pythonhosted.org/packages/60/1a/6b90e497c8e8aa1014ccea46d93e420cd4be183058952158f2351ce33e48/pydantic_core-2.14.1-cp312-cp312-manylinux_2_17_ppc64le.manylinux2014_ppc64le.whl", hash = "sha256:102ac85a775e77821943ae38da9634ddd774b37a8d407181b4f7b05cdfb36b55", size = 1997646, upload-time = "2023-11-09T13:21:38.382Z" },
    { url = "https://files.pythonhosted.org/packages/06/8d/023ebb75c8daad8a0d1109948b82237284adb0be86b6fc8c5d54e9683d7a/pydantic_core-2.14.1-cp312-cp312-manylinux_2_17_s390x.manylinux2014_s390x.whl", hash = "sha256:2459cc06572730e079ec1e694e8f68c99d977b40d98748ae72ff11ef21a56b0b", size = 2991445, upload-time = "2023-11-09T13:21:40.459Z" },
    { url = "https://files.pythonhosted.org/packages/4d/85/6300b9bcec95d04903764afb485f2c2343e007a15fa6b7620bba0eb5715d/pydantic_core-2.14.1-cp312-cp312-manylinux_2_17_x86_64.manylinux2014_x86_64.whl", hash = "sha256:217dcbfaf429a9b8f1d54eb380908b9c778e78f31378283b30ba463c21e89d5d", size = 2064902, upload-time = "2023-11-09T13:21:43.097Z" },
    { url = "https://files.pythonhosted.org/packages/fb/e7/b7e0c92bf712429ee627cbcbd15ef68b4330f0b8bcb285eed53553ecd2f4/pydantic_core-2.14.1-cp312-cp312-manylinux_2_5_i686.manylinux1_i686.whl", hash = "sha256:9d59e0d7cdfe8ed1d4fcd28aad09625c715dc18976c7067e37d8a11b06f4be3e", size = 1922668, upload-time = "2023-11-09T13:21:45.131Z" },
    { url = "https://files.pythonhosted.org/packages/1f/c4/5638b9ad1053aeb66384e3a248ef1f37e5fcc0d5695ec9a15e4df81be54d/pydantic_core-2.14.1-cp312-cp312-musllinux_1_1_aarch64.whl", hash = "sha256:e2be646a5155d408e68b560c0553e8a83dc7b9f90ec6e5a2fc3ff216719385db", size = 1999542, upload-time = "2023-11-09T13:21:47.664Z" },
    { url = "https://files.pythonhosted.org/packages/74/20/2389be6093f6ec2e9351fe0f9270b239f039c0da9e4b38cbe06e7f650b1c/pydantic_core-2.14.1-cp312-cp312-musllinux_1_1_x86_64.whl", hash = "sha256:ffba979801e3931a19cd30ed2049450820effe8f152aaa317e2fd93795d318d7", size = 2127246, upload-time = "2023-11-09T13:21:50.209Z" },
    { url = "https://files.pythonhosted.org/packages/f2/47/a0cd42721edf31556006278d34c02f1c45ddf5aa0bbd629824a4412b776f/pydantic_core-2.14.1-cp312-none-win32.whl", hash = "sha256:132b40e479cb5cebbbb681f77aaceabbc8355df16c9124cff1d4060ada83cde2", size = 1738151, upload-time = "2023-11-09T13:21:52.596Z" },
    { url = "https://files.pythonhosted.org/packages/f6/4a/ae0d4c98d97bd042162a9de7cea4b2f655b5876cd0557ff451eedf0778e6/pydantic_core-2.14.1-cp312-none-win_amd64.whl", hash = "sha256:744b807fe2733b6da3b53e8ad93e8b3ea3ee3dfc3abece4dd2824cc1f39aa343", size = 1864110, upload-time = "2023-11-09T13:21:54.632Z" },
    { url = "https://files.pythonhosted.org/packages/7e/9a/3d9f3a750a67cc3d1115c0581280025cadc1cbd55d5c60d1ba80c8de7535/pydantic_core-2.14.1-cp312-none-win_arm64.whl", hash = "sha256:24ba48f9d0b8d64fc5e42e1600366c3d7db701201294989aebdaca23110c02ab", size = 1847510, upload-time = "2023-11-09T13:21:57.252Z" },
]

[[package]]
name = "pydantic-settings"
version = "2.1.0"
source = { registry = "https://pypi.org/simple" }
dependencies = [
    { name = "pydantic" },
    { name = "python-dotenv" },
]
sdist = { url = "https://files.pythonhosted.org/packages/a5/10/664e41fd884d8cd3fa8bcd75a537bd82f540b19d7c0d1ff17eef69a2ffa8/pydantic_settings-2.1.0.tar.gz", hash = "sha256:26b1492e0a24755626ac5e6d715e9077ab7ad4fb5f19a8b7ed7011d52f36141c", size = 31824, upload-time = "2023-11-14T13:06:31.22Z" }
wheels = [
    { url = "https://files.pythonhosted.org/packages/5d/c9/8042368e9a1e6e229b5ec5d88449441a3ee8f8afe09988faeb190af30248/pydantic_settings-2.1.0-py3-none-any.whl", hash = "sha256:7621c0cb5d90d1140d2f0ef557bdf03573aac7035948109adf2574770b77605a", size = 11685, upload-time = "2023-11-14T13:06:30.129Z" },
]

[[package]]
name = "pytest"
version = "7.4.3"
source = { registry = "https://pypi.org/simple" }
dependencies = [
    { name = "colorama", marker = "sys_platform == 'win32'" },
    { name = "iniconfig" },
    { name = "packaging" },
    { name = "pluggy" },
]
sdist = { url = "https://files.pythonhosted.org/packages/38/d4/174f020da50c5afe9f5963ad0fc5b56a4287e3586e3de5b3c8bce9c547b4/pytest-7.4.3.tar.gz", hash = "sha256:d989d136982de4e3b29dabcc838ad581c64e8ed52c11fbe86ddebd9da0818cd5", size = 1356179, upload-time = "2023-10-24T19:23:16.858Z" }
wheels = [
    { url = "https://files.pythonhosted.org/packages/f3/8c/f16efd81ca8e293b2cc78f111190a79ee539d0d5d36ccd49975cb3beac60/pytest-7.4.3-py3-none-any.whl", hash = "sha256:0d009c083ea859a71b76adf7c1d502e4bc170b80a8ef002da5806527b9591fac", size = 325075, upload-time = "2023-10-24T19:23:14.124Z" },
]

[[package]]
name = "pytest-asyncio"
version = "0.21.1"
source = { registry = "https://pypi.org/simple" }
dependencies = [
    { name = "pytest" },
]
sdist = { url = "https://files.pythonhosted.org/packages/5a/85/d39ef5f69d5597a206f213ce387bcdfa47922423875829f7a98a87d33281/pytest-asyncio-0.21.1.tar.gz", hash = "sha256:40a7eae6dded22c7b604986855ea48400ab15b069ae38116e8c01238e9eeb64d", size = 30492, upload-time = "2023-07-12T10:19:59.698Z" }
wheels = [
    { url = "https://files.pythonhosted.org/packages/7d/2c/2e5ab8708667972ee31b88bb6fed680ed5ba92dfc2db28e07d0d68d8b3b1/pytest_asyncio-0.21.1-py3-none-any.whl", hash = "sha256:8666c1c8ac02631d7c51ba282e0c69a8a452b211ffedf2599099845da5c5c37b", size = 13228, upload-time = "2023-07-12T10:19:57.81Z" },
]

[[package]]
name = "python-dotenv"
version = "1.0.0"
source = { registry = "https://pypi.org/simple" }
sdist = { url = "https://files.pythonhosted.org/packages/31/06/1ef763af20d0572c032fa22882cfbfb005fba6e7300715a37840858c919e/python-dotenv-1.0.0.tar.gz", hash = "sha256:a8df96034aae6d2d50a4ebe8216326c61c3eb64836776504fcca410e5937a3ba", size = 37399, upload-time = "2023-02-24T06:46:37.282Z" }
wheels = [
    { url = "https://files.pythonhosted.org/packages/44/2f/62ea1c8b593f4e093cc1a7768f0d46112107e790c3e478532329e434f00b/python_dotenv-1.0.0-py3-none-any.whl", hash = "sha256:f5971a9226b701070a4bf2c38c89e5a3f0d64de8debda981d1db98583009122a", size = 19482, upload-time = "2023-02-24T06:46:36.009Z" },
]

[[package]]
name = "pytz"
version = "2025.2"
source = { registry = "https://pypi.org/simple" }
sdist = { url = "https://files.pythonhosted.org/packages/f8/bf/abbd3cdfb8fbc7fb3d4d38d320f2441b1e7cbe29be4f23797b4a2b5d8aac/pytz-2025.2.tar.gz", hash = "sha256:360b9e3dbb49a209c21ad61809c7fb453643e048b38924c765813546746e81c3", size = 320884, upload-time = "2025-03-25T02:25:00.538Z" }
wheels = [
    { url = "https://files.pythonhosted.org/packages/81/c4/34e93fe5f5429d7570ec1fa436f1986fb1f00c3e0f43a589fe2bbcd22c3f/pytz-2025.2-py2.py3-none-any.whl", hash = "sha256:5ddf76296dd8c44c26eb8f4b6f35488f3ccbf6fbbd7adee0b7262d43f0ec2f00", size = 509225, upload-time = "2025-03-25T02:24:58.468Z" },
]

[[package]]
name = "ruff"
version = "0.1.8"
source = { registry = "https://pypi.org/simple" }
sdist = { url = "https://files.pythonhosted.org/packages/50/a9/ec05a652115645c76cc61b8df95a410fe9e30c858d36bbad305010f292ff/ruff-0.1.8.tar.gz", hash = "sha256:f7ee467677467526cfe135eab86a40a0e8db43117936ac4f9b469ce9cdb3fb62", size = 1891750, upload-time = "2023-12-13T18:43:31.518Z" }
wheels = [
    { url = "https://files.pythonhosted.org/packages/da/f5/c09835322bc9010849f579aa62df1a286508e4288cf39e0622546b113f4b/ruff-0.1.8-py3-none-macosx_10_12_x86_64.macosx_11_0_arm64.macosx_10_12_universal2.whl", hash = "sha256:7de792582f6e490ae6aef36a58d85df9f7a0cfd1b0d4fe6b4fb51803a3ac96fa", size = 11903248, upload-time = "2023-12-13T18:42:28.467Z" },
    { url = "https://files.pythonhosted.org/packages/4b/bb/2379f069bc51530bb625423f2ebc694db542a123a1132e26e2142e532bea/ruff-0.1.8-py3-none-macosx_10_12_x86_64.whl", hash = "sha256:c8e3255afd186c142eef4ec400d7826134f028a85da2146102a1172ecc7c3696", size = 6124248, upload-time = "2023-12-13T18:42:34.382Z" },
    { url = "https://files.pythonhosted.org/packages/38/d3/1959c76f38a283d7662271f51da166f875a5fc3765fc5646005ec1544417/ruff-0.1.8-py3-none-manylinux_2_17_aarch64.manylinux2014_aarch64.whl", hash = "sha256:ff78a7583020da124dd0deb835ece1d87bb91762d40c514ee9b67a087940528b", size = 6068598, upload-time = "2023-12-13T18:42:38.478Z" },
    { url = "https://files.pythonhosted.org/packages/a1/32/449041d032be73561c7d94cfcd9e0e04c308abc3e290b4236e6a3c414ed6/ruff-0.1.8-py3-none-manylinux_2_17_armv7l.manylinux2014_armv7l.whl", hash = "sha256:bd8ee69b02e7bdefe1e5da2d5b6eaaddcf4f90859f00281b2333c0e3a0cc9cd6", size = 5740982, upload-time = "2023-12-13T18:42:42.51Z" },
    { url = "https://files.pythonhosted.org/packages/fa/dc/9c80f9ea623adfe186f19136186a1b5fb8f6aedd389b627fc68729ce27ba/ruff-0.1.8-py3-none-manylinux_2_17_i686.manylinux2014_i686.whl", hash = "sha256:a05b0ddd7ea25495e4115a43125e8a7ebed0aa043c3d432de7e7d6e8e8cd6448", size = 6210038, upload-time = "2023-12-13T18:42:45.506Z" },
    { url = "https://files.pythonhosted.org/packages/29/f9/35dc0a9cef5cbc09db73da372c52c9a282b6e16ae4c30dce7b171b27eb64/ruff-0.1.8-py3-none-manylinux_2_17_ppc64.manylinux2014_ppc64.whl", hash = "sha256:e6f08ca730f4dc1b76b473bdf30b1b37d42da379202a059eae54ec7fc1fbcfed", size = 6896737, upload-time = "2023-12-13T18:42:49.044Z" },
    { url = "https://files.pythonhosted.org/packages/67/83/fea0fc59c54e340aa512f4e2f1ec9b6ebfddcade0f416e93f67b1bcbeeba/ruff-0.1.8-py3-none-manylinux_2_17_ppc64le.manylinux2014_ppc64le.whl", hash = "sha256:f35960b02df6b827c1b903091bb14f4b003f6cf102705efc4ce78132a0aa5af3", size = 6764966, upload-time = "2023-12-13T18:42:53.662Z" },
    { url = "https://files.pythonhosted.org/packages/72/4a/6b86bc7923361d5ee4be0c62642660c43492a58f4ba46c6527e6b194c475/ruff-0.1.8-py3-none-manylinux_2_17_s390x.manylinux2014_s390x.whl", hash = "sha256:7d076717c67b34c162da7c1a5bda16ffc205e0e0072c03745275e7eab888719f", size = 7910593, upload-time = "2023-12-13T18:42:56.707Z" },
    { url = "https://files.pythonhosted.org/packages/21/2d/64aeb4dc019b78866a657e395c1d4a8445690fde792a5e70f2694effaef0/ruff-0.1.8-py3-none-manylinux_2_17_x86_64.manylinux2014_x86_64.whl", hash = "sha256:b6a21ab023124eafb7cef6d038f835cb1155cd5ea798edd8d9eb2f8b84be07d9", size = 6425943, upload-time = "2023-12-13T18:43:01.317Z" },
    { url = "https://files.pythonhosted.org/packages/41/69/267b517c494c193a0eea5d06ce9bec089cebe4d146a04f04fcfcb3d9f41d/ruff-0.1.8-py3-none-musllinux_1_2_aarch64.whl", hash = "sha256:ce697c463458555027dfb194cb96d26608abab920fa85213deb5edf26e026664", size = 6017181, upload-time = "2023-12-13T18:43:06.18Z" },
    { url = "https://files.pythonhosted.org/packages/87/8e/ca2b39d435121c69ec3fa44704bf538d4337a92cf1684cdec47e37bed929/ruff-0.1.8-py3-none-musllinux_1_2_armv7l.whl", hash = "sha256:db6cedd9ffed55548ab313ad718bc34582d394e27a7875b4b952c2d29c001b26", size = 5741356, upload-time = "2023-12-13T18:43:09.753Z" },
    { url = "https://files.pythonhosted.org/packages/ca/49/45b19fd2e0fbc8881ae11fb81f02698efd3944060b7559ee0abeb29253ab/ruff-0.1.8-py3-none-musllinux_1_2_i686.whl", hash = "sha256:05ffe9dbd278965271252704eddb97b4384bf58b971054d517decfbf8c523f05", size = 6086061, upload-time = "2023-12-13T18:43:14.563Z" },
    { url = "https://files.pythonhosted.org/packages/45/b8/ff1793ecb053962d14411712c6630188a0780f56d92220ce298dcfa74549/ruff-0.1.8-py3-none-musllinux_1_2_x86_64.whl", hash = "sha256:5daaeaf00ae3c1efec9742ff294b06c3a2a9db8d3db51ee4851c12ad385cda30", size = 6485411, upload-time = "2023-12-13T18:43:18.158Z" },
    { url = "https://files.pythonhosted.org/packages/f4/ff/3ad7a399660b308d662ecc6444749f2f97034ecc0bdf8def8a73444d8fe5/ruff-0.1.8-py3-none-win32.whl", hash = "sha256:e49fbdfe257fa41e5c9e13c79b9e79a23a79bd0e40b9314bc53840f520c2c0b3", size = 5961330, upload-time = "2023-12-13T18:43:21.392Z" },
    { url = "https://files.pythonhosted.org/packages/10/0a/f5c0a22c3d8ac86d9481b4c3dc86f4c722ce9c544c68d9382afd46cefb06/ruff-0.1.8-py3-none-win_amd64.whl", hash = "sha256:f41f692f1691ad87f51708b823af4bb2c5c87c9248ddd3191c8f088e66ce590a", size = 6355305, upload-time = "2023-12-13T18:43:25.23Z" },
    { url = "https://files.pythonhosted.org/packages/f2/b5/142307cffba5033b35efd0d6c7f2b52b442ef7a6fdd6d92cf6f3fc385cb2/ruff-0.1.8-py3-none-win_arm64.whl", hash = "sha256:aa8ee4f8440023b0a6c3707f76cadce8657553655dcbb5fc9b2f9bb9bee389f6", size = 6107279, upload-time = "2023-12-13T18:43:28.778Z" },
]

[[package]]
name = "six"
version = "1.17.0"
source = { registry = "https://pypi.org/simple" }
sdist = { url = "https://files.pythonhosted.org/packages/94/e7/b2c673351809dca68a0e064b6af791aa332cf192da575fd474ed7d6f16a2/six-1.17.0.tar.gz", hash = "sha256:ff70335d468e7eb6ec65b95b99d3a2836546063f63acc5171de367e834932a81", size = 34031, upload-time = "2024-12-04T17:35:28.174Z" }
wheels = [
    { url = "https://files.pythonhosted.org/packages/b7/ce/149a00dd41f10bc29e5921b496af8b574d8413afcd5e30dfa0ed46c2cc5e/six-1.17.0-py2.py3-none-any.whl", hash = "sha256:4721f391ed90541fddacab5acf947aa0d3dc7d27b2e1e8eda2be8970586c3274", size = 11050, upload-time = "2024-12-04T17:35:26.475Z" },
]

[[package]]
name = "sniffio"
version = "1.3.1"
source = { registry = "https://pypi.org/simple" }
sdist = { url = "https://files.pythonhosted.org/packages/a2/87/a6771e1546d97e7e041b6ae58d80074f81b7d5121207425c964ddf5cfdbd/sniffio-1.3.1.tar.gz", hash = "sha256:f4324edc670a0f49750a81b895f35c3adb843cca46f0530f79fc1babb23789dc", size = 20372, upload-time = "2024-02-25T23:20:04.057Z" }
wheels = [
    { url = "https://files.pythonhosted.org/packages/e9/44/75a9c9421471a6c4805dbf2356f7c181a29c1879239abab1ea2cc8f38b40/sniffio-1.3.1-py3-none-any.whl", hash = "sha256:2f6da418d1f1e0fddd844478f41680e794e6051915791a034ff65e5f100525a2", size = 10235, upload-time = "2024-02-25T23:20:01.196Z" },
]

[[package]]
name = "starlette"
version = "0.27.0"
source = { registry = "https://pypi.org/simple" }
dependencies = [
    { name = "anyio" },
]
sdist = { url = "https://files.pythonhosted.org/packages/06/68/559bed5484e746f1ab2ebbe22312f2c25ec62e4b534916d41a8c21147bf8/starlette-0.27.0.tar.gz", hash = "sha256:6a6b0d042acb8d469a01eba54e9cda6cbd24ac602c4cd016723117d6a7e73b75", size = 51394, upload-time = "2023-05-16T10:59:56.286Z" }
wheels = [
    { url = "https://files.pythonhosted.org/packages/58/f8/e2cca22387965584a409795913b774235752be4176d276714e15e1a58884/starlette-0.27.0-py3-none-any.whl", hash = "sha256:918416370e846586541235ccd38a474c08b80443ed31c578a418e2209b3eef91", size = 66978, upload-time = "2023-05-16T10:59:53.927Z" },
]

[[package]]
name = "typing-extensions"
version = "4.15.0"
source = { registry = "https://pypi.org/simple" }
sdist = { url = "https://files.pythonhosted.org/packages/72/94/1a15dd82efb362ac84269196e94cf00f187f7ed21c242792a923cdb1c61f/typing_extensions-4.15.0.tar.gz", hash = "sha256:0cea48d173cc12fa28ecabc3b837ea3cf6f38c6d1136f85cbaaf598984861466", size = 109391, upload-time = "2025-08-25T13:49:26.313Z" }
wheels = [
    { url = "https://files.pythonhosted.org/packages/18/67/36e9267722cc04a6b9f15c7f3441c2363321a3ea07da7ae0c0707beb2a9c/typing_extensions-4.15.0-py3-none-any.whl", hash = "sha256:f0fa19c6845758ab08074a0cfa8b7aecb71c999ca73d62883bc25cc018c4e548", size = 44614, upload-time = "2025-08-25T13:49:24.86Z" },
]

[[package]]
name = "tzdata"
version = "2025.2"
source = { registry = "https://pypi.org/simple" }
sdist = { url = "https://files.pythonhosted.org/packages/95/32/1a225d6164441be760d75c2c42e2780dc0873fe382da3e98a2e1e48361e5/tzdata-2025.2.tar.gz", hash = "sha256:b60a638fcc0daffadf82fe0f57e53d06bdec2f36c4df66280ae79bce6bd6f2b9", size = 196380, upload-time = "2025-03-23T13:54:43.652Z" }
wheels = [
    { url = "https://files.pythonhosted.org/packages/5c/23/c7abc0ca0a1526a0774eca151daeb8de62ec457e77262b66b359c3c7679e/tzdata-2025.2-py2.py3-none-any.whl", hash = "sha256:1a403fada01ff9221ca8044d701868fa132215d84beb92242d9acd2147f667a8", size = 347839, upload-time = "2025-03-23T13:54:41.845Z" },
]

[[package]]
name = "tzlocal"
version = "5.3.1"
source = { registry = "https://pypi.org/simple" }
dependencies = [
    { name = "tzdata", marker = "sys_platform == 'win32'" },
]
sdist = { url = "https://files.pythonhosted.org/packages/8b/2e/c14812d3d4d9cd1773c6be938f89e5735a1f11a9f184ac3639b93cef35d5/tzlocal-5.3.1.tar.gz", hash = "sha256:cceffc7edecefea1f595541dbd6e990cb1ea3d19bf01b2809f362a03dd7921fd", size = 30761, upload-time = "2025-03-05T21:17:41.549Z" }
wheels = [
    { url = "https://files.pythonhosted.org/packages/c2/14/e2a54fabd4f08cd7af1c07030603c3356b74da07f7cc056e600436edfa17/tzlocal-5.3.1-py3-none-any.whl", hash = "sha256:eb1a66c3ef5847adf7a834f1be0800581b683b5608e74f86ecbcef8ab91bb85d", size = 18026, upload-time = "2025-03-05T21:17:39.857Z" },
]

[[package]]
name = "uvicorn"
version = "0.24.0"
source = { registry = "https://pypi.org/simple" }
dependencies = [
    { name = "click" },
    { name = "h11" },
]
sdist = { url = "https://files.pythonhosted.org/packages/af/c9/dc0b3b6f944271d5f71564c2db08a1879a384cda7100f6f2f71b4ec9b751/uvicorn-0.24.0.tar.gz", hash = "sha256:368d5d81520a51be96431845169c225d771c9dd22a58613e1a181e6c4512ac33", size = 40092, upload-time = "2023-11-04T19:31:11.834Z" }
wheels = [
    { url = "https://files.pythonhosted.org/packages/ed/0c/a9b90a856bbdd75bf71a1dd191af1e9c9ac8a272ed337f7200950c3d3dd4/uvicorn-0.24.0-py3-none-any.whl", hash = "sha256:3d19f13dfd2c2af1bfe34dd0f7155118ce689425fdf931177abe832ca44b8a04", size = 59609, upload-time = "2023-11-04T19:31:09.321Z" },
]
